
Microsoft Visual Studio Solution File, Format Version 12.00
# Visual Studio Version 16
VisualStudioVersion = 16.0.31624.102
MinimumVisualStudioVersion = 10.0.40219.1
Project("{FAE04EC0-301F-11D3-BF4B-00C04F79EFBC}") = "robobar", "robobar\robobar.csproj", "{4EE9D9E3-4665-40AC-BE41-30D47F4719A7}"
EndProject
Global
	GlobalSection(SolutionConfigurationPlatforms) = preSolution
		Debug|Any CPU = Debug|Any CPU
		Release|Any CPU = Release|Any CPU
	EndGlobalSection
	GlobalSection(ProjectConfigurationPlatforms) = postSolution
		{4EE9D9E3-4665-40AC-BE41-30D47F4719A7}.Debug|Any CPU.ActiveCfg = Debug|Any CPU
		{4EE9D9E3-4665-40AC-BE41-30D47F4719A7}.Debug|Any CPU.Build.0 = Debug|Any CPU
		{4EE9D9E3-4665-40AC-BE41-30D47F4719A7}.Release|Any CPU.ActiveCfg = Release|Any CPU
		{4EE9D9E3-4665-40AC-BE41-30D47F4719A7}.Release|Any CPU.Build.0 = Release|Any CPU
	EndGlobalSection
	GlobalSection(SolutionProperties) = preSolution
		HideSolutionNode = FALSE
	EndGlobalSection
	GlobalSection(ExtensibilityGlobals) = postSolution
		SolutionGuid = {FD500847-F86A-4F57-B57D-E9A36EE55B75}
	EndGlobalSection
EndGlobal
